
Microsoft Visual Studio Solution File, Format Version 12.00
# Visual Studio Version 17
VisualStudioVersion = 17.14.36301.6 d17.14
MinimumVisualStudioVersion = 10.0.40219.1
Project("{FAE04EC0-301F-11D3-BF4B-00C04F79EFBC}") = "DistribuidoraSolares", "DistribuidoraSolares\DistribuidoraSolares.csproj", "{6AFBAC3D-CB4B-4B1D-9236-91059AEC1E64}"
EndProject
Global
	GlobalSection(SolutionConfigurationPlatforms) = preSolution
		Debug|Any CPU = Debug|Any CPU
		Release|Any CPU = Release|Any CPU
	EndGlobalSection
	GlobalSection(ProjectConfigurationPlatforms) = postSolution
		{6AFBAC3D-CB4B-4B1D-9236-91059AEC1E64}.Debug|Any CPU.ActiveCfg = Debug|Any CPU
		{6AFBAC3D-CB4B-4B1D-9236-91059AEC1E64}.Debug|Any CPU.Build.0 = Debug|Any CPU
		{6AFBAC3D-CB4B-4B1D-9236-91059AEC1E64}.Release|Any CPU.ActiveCfg = Release|Any CPU
		{6AFBAC3D-CB4B-4B1D-9236-91059AEC1E64}.Release|Any CPU.Build.0 = Release|Any CPU
	EndGlobalSection
	GlobalSection(SolutionProperties) = preSolution
		HideSolutionNode = FALSE
	EndGlobalSection
	GlobalSection(ExtensibilityGlobals) = postSolution
		SolutionGuid = {8F14A91A-1565-4FC0-A7D8-09C5651E0B81}
	EndGlobalSection
EndGlobal
